
Microsoft Visual Studio Solution File, Format Version 12.00
# Visual Studio for Mac
Project("{FAE04EC0-301F-11D3-BF4B-00C04F79EFBC}") = "Vuforia_TouchScreen", "Assembly-CSharp.csproj", "{FD623E7C-26BD-605F-2AF9-4A896C65AEA3}"
EndProject
Project("{FAE04EC0-301F-11D3-BF4B-00C04F79EFBC}") = "Vuforia_TouchScreen", "Assembly-CSharp-Editor.csproj", "{8396FADF-E567-DFEC-9313-B02853F07450}"
EndProject
Global
	GlobalSection(SolutionConfigurationPlatforms) = preSolution
		Debug|Any CPU = Debug|Any CPU
		Release|Any CPU = Release|Any CPU
	EndGlobalSection
	GlobalSection(ProjectConfigurationPlatforms) = postSolution
		{FD623E7C-26BD-605F-2AF9-4A896C65AEA3}.Debug|Any CPU.ActiveCfg = Debug|Any CPU
		{FD623E7C-26BD-605F-2AF9-4A896C65AEA3}.Debug|Any CPU.Build.0 = Debug|Any CPU
		{FD623E7C-26BD-605F-2AF9-4A896C65AEA3}.Release|Any CPU.ActiveCfg = Release|Any CPU
		{FD623E7C-26BD-605F-2AF9-4A896C65AEA3}.Release|Any CPU.Build.0 = Release|Any CPU
		{8396FADF-E567-DFEC-9313-B02853F07450}.Debug|Any CPU.ActiveCfg = Debug|Any CPU
		{8396FADF-E567-DFEC-9313-B02853F07450}.Debug|Any CPU.Build.0 = Debug|Any CPU
		{8396FADF-E567-DFEC-9313-B02853F07450}.Release|Any CPU.ActiveCfg = Release|Any CPU
		{8396FADF-E567-DFEC-9313-B02853F07450}.Release|Any CPU.Build.0 = Release|Any CPU
	EndGlobalSection
	GlobalSection(SolutionProperties) = preSolution
		HideSolutionNode = FALSE
	EndGlobalSection
EndGlobal
